
Microsoft Visual Studio Solution File, Format Version 12.00
# Visual Studio Version 17
VisualStudioVersion = 17.9.34607.119
MinimumVisualStudioVersion = 10.0.40219.1
Project("{9A19103F-16F7-4668-BE54-9A1E7A4F7556}") = "BookMgmtWebApi", "BookMgmtWebApi\BookMgmtWebApi.csproj", "{8B87582D-F1C6-4E66-B4A4-2E87EEF074EE}"
EndProject
Project("{9A19103F-16F7-4668-BE54-9A1E7A4F7556}") = "BookMgmtWebApp", "BookMgmtWebApp\BookMgmtWebApp.csproj", "{274D9C31-6EC3-42C7-89D3-C59618AA7542}"
EndProject
Project("{2150E333-8FDC-42A3-9474-1A3956D46DE8}") = "Solution Items", "Solution Items", "{0FB445CD-BDBF-45DD-9F3F-2756091220E1}"
	ProjectSection(SolutionItems) = preProject
		README.md = README.md
	EndProjectSection
EndProject
Project("{FAE04EC0-301F-11D3-BF4B-00C04F79EFBC}") = "BookMgmt.Test", "BookMgmt.Test\BookMgmt.Test.csproj", "{FE6E09ED-0EE0-4F68-9158-0E5790666646}"
EndProject
Global
	GlobalSection(SolutionConfigurationPlatforms) = preSolution
		Debug|Any CPU = Debug|Any CPU
		Release|Any CPU = Release|Any CPU
	EndGlobalSection
	GlobalSection(ProjectConfigurationPlatforms) = postSolution
		{8B87582D-F1C6-4E66-B4A4-2E87EEF074EE}.Debug|Any CPU.ActiveCfg = Debug|Any CPU
		{8B87582D-F1C6-4E66-B4A4-2E87EEF074EE}.Debug|Any CPU.Build.0 = Debug|Any CPU
		{8B87582D-F1C6-4E66-B4A4-2E87EEF074EE}.Release|Any CPU.ActiveCfg = Release|Any CPU
		{8B87582D-F1C6-4E66-B4A4-2E87EEF074EE}.Release|Any CPU.Build.0 = Release|Any CPU
		{274D9C31-6EC3-42C7-89D3-C59618AA7542}.Debug|Any CPU.ActiveCfg = Debug|Any CPU
		{274D9C31-6EC3-42C7-89D3-C59618AA7542}.Debug|Any CPU.Build.0 = Debug|Any CPU
		{274D9C31-6EC3-42C7-89D3-C59618AA7542}.Release|Any CPU.ActiveCfg = Release|Any CPU
		{274D9C31-6EC3-42C7-89D3-C59618AA7542}.Release|Any CPU.Build.0 = Release|Any CPU
		{FE6E09ED-0EE0-4F68-9158-0E5790666646}.Debug|Any CPU.ActiveCfg = Debug|Any CPU
		{FE6E09ED-0EE0-4F68-9158-0E5790666646}.Debug|Any CPU.Build.0 = Debug|Any CPU
		{FE6E09ED-0EE0-4F68-9158-0E5790666646}.Release|Any CPU.ActiveCfg = Release|Any CPU
		{FE6E09ED-0EE0-4F68-9158-0E5790666646}.Release|Any CPU.Build.0 = Release|Any CPU
	EndGlobalSection
	GlobalSection(SolutionProperties) = preSolution
		HideSolutionNode = FALSE
	EndGlobalSection
	GlobalSection(ExtensibilityGlobals) = postSolution
		SolutionGuid = {0E546B98-FB41-42FE-A0B5-0C2A8DE60E38}
	EndGlobalSection
EndGlobal
